PODS:
  - ElastosCarrierSDK (5.2.2)
  - QRCode (2.0)

DEPENDENCIES:
  - ElastosCarrierSDK
  - QRCode (~> 2.0)

SPEC REPOS:
  https://github.com/cocoapods/specs.git:
    - ElastosCarrierSDK
    - QRCode

SPEC CHECKSUMS:
  ElastosCarrierSDK: 3874348a2716e3f0b949f46e37bd88792e314983
  QRCode: f98a1886c8f37523704a7512a4c0cd45b34c18a4

PODFILE CHECKSUM: c742898e77482b424245051d1f34c4f0475a0f57

COCOAPODS: 1.6.1
