PODS:
  - ElastosCarrierSDK (5.2.4)
  - QRCode (2.0)

DEPENDENCIES:
  - ElastosCarrierSDK (= 5.2.4)
  - QRCode (~> 2.0)

SPEC REPOS:
  https://github.com/cocoapods/specs.git:
    - ElastosCarrierSDK
    - QRCode

SPEC CHECKSUMS:
  ElastosCarrierSDK: 8ec88250bd237ef87568b9fd0e64e82f8b084ec6
  QRCode: f98a1886c8f37523704a7512a4c0cd45b34c18a4

PODFILE CHECKSUM: 85927f1b6fce3d82a4b3f768fb97386ec1a9074b

COCOAPODS: 1.6.1
